
Microsoft Visual Studio Solution File, Format Version 11.00
# Visual Studio 2010
Project("{FAE04EC0-301F-11D3-BF4B-00C04F79EFBC}") = "SevenZipTest", "SevenZipTest\SevenZipTest.csproj", "{02ECDF81-1088-4C7A-8559-77D19AFBE5EB}"
EndProject
Project("{FAE04EC0-301F-11D3-BF4B-00C04F79EFBC}") = "SevenZipSharp", "SevenZipSharp\SevenZipSharp.csproj", "{46CE80F7-84D6-4634-B78D-8DD46250065F}"
EndProject
Project("{FAE04EC0-301F-11D3-BF4B-00C04F79EFBC}") = "CircularBuffer", "CircularBuffer\CircularBuffer\CircularBuffer.csproj", "{21E08E11-09AB-4B87-92A4-4991D99C4988}"
EndProject
Project("{FAE04EC0-301F-11D3-BF4B-00C04F79EFBC}") = "SevenZipConsoleTest", "SevenZipConsoleTest\SevenZipConsoleTest.csproj", "{EE022DE3-D8AC-4372-8E57-2FA80C7FA386}"
EndProject
Global
	GlobalSection(SolutionConfigurationPlatforms) = preSolution
		Debug|Any CPU = Debug|Any CPU
		Debug|Mixed Platforms = Debug|Mixed Platforms
		Debug|x86 = Debug|x86
		Release|Any CPU = Release|Any CPU
		Release|Mixed Platforms = Release|Mixed Platforms
		Release|x86 = Release|x86
	EndGlobalSection
	GlobalSection(ProjectConfigurationPlatforms) = postSolution
		{02ECDF81-1088-4C7A-8559-77D19AFBE5EB}.Debug|Any CPU.ActiveCfg = Debug|x86
		{02ECDF81-1088-4C7A-8559-77D19AFBE5EB}.Debug|Mixed Platforms.ActiveCfg = Debug|x86
		{02ECDF81-1088-4C7A-8559-77D19AFBE5EB}.Debug|Mixed Platforms.Build.0 = Debug|x86
		{02ECDF81-1088-4C7A-8559-77D19AFBE5EB}.Debug|x86.ActiveCfg = Debug|x86
		{02ECDF81-1088-4C7A-8559-77D19AFBE5EB}.Debug|x86.Build.0 = Debug|x86
		{02ECDF81-1088-4C7A-8559-77D19AFBE5EB}.Release|Any CPU.ActiveCfg = Release|x86
		{02ECDF81-1088-4C7A-8559-77D19AFBE5EB}.Release|Mixed Platforms.ActiveCfg = Release|x86
		{02ECDF81-1088-4C7A-8559-77D19AFBE5EB}.Release|Mixed Platforms.Build.0 = Release|x86
		{02ECDF81-1088-4C7A-8559-77D19AFBE5EB}.Release|x86.ActiveCfg = Release|x86
		{02ECDF81-1088-4C7A-8559-77D19AFBE5EB}.Release|x86.Build.0 = Release|x86
		{21E08E11-09AB-4B87-92A4-4991D99C4988}.Debug|Any CPU.ActiveCfg = Debug|Any CPU
		{21E08E11-09AB-4B87-92A4-4991D99C4988}.Debug|Any CPU.Build.0 = Debug|Any CPU
		{21E08E11-09AB-4B87-92A4-4991D99C4988}.Debug|Mixed Platforms.ActiveCfg = Debug|Any CPU
		{21E08E11-09AB-4B87-92A4-4991D99C4988}.Debug|Mixed Platforms.Build.0 = Debug|Any CPU
		{21E08E11-09AB-4B87-92A4-4991D99C4988}.Debug|x86.ActiveCfg = Debug|Any CPU
		{21E08E11-09AB-4B87-92A4-4991D99C4988}.Release|Any CPU.ActiveCfg = Release|Any CPU
		{21E08E11-09AB-4B87-92A4-4991D99C4988}.Release|Any CPU.Build.0 = Release|Any CPU
		{21E08E11-09AB-4B87-92A4-4991D99C4988}.Release|Mixed Platforms.ActiveCfg = Release|Any CPU
		{21E08E11-09AB-4B87-92A4-4991D99C4988}.Release|Mixed Platforms.Build.0 = Release|Any CPU
		{21E08E11-09AB-4B87-92A4-4991D99C4988}.Release|x86.ActiveCfg = Release|Any CPU
		{46CE80F7-84D6-4634-B78D-8DD46250065F}.Debug|Any CPU.ActiveCfg = Debug|Any CPU
		{46CE80F7-84D6-4634-B78D-8DD46250065F}.Debug|Any CPU.Build.0 = Debug|Any CPU
		{46CE80F7-84D6-4634-B78D-8DD46250065F}.Debug|Mixed Platforms.ActiveCfg = Debug|Any CPU
		{46CE80F7-84D6-4634-B78D-8DD46250065F}.Debug|Mixed Platforms.Build.0 = Debug|Any CPU
		{46CE80F7-84D6-4634-B78D-8DD46250065F}.Debug|x86.ActiveCfg = Debug|Any CPU
		{46CE80F7-84D6-4634-B78D-8DD46250065F}.Release|Any CPU.ActiveCfg = Release|Any CPU
		{46CE80F7-84D6-4634-B78D-8DD46250065F}.Release|Any CPU.Build.0 = Release|Any CPU
		{46CE80F7-84D6-4634-B78D-8DD46250065F}.Release|Mixed Platforms.ActiveCfg = Release|Any CPU
		{46CE80F7-84D6-4634-B78D-8DD46250065F}.Release|Mixed Platforms.Build.0 = Release|Any CPU
		{46CE80F7-84D6-4634-B78D-8DD46250065F}.Release|x86.ActiveCfg = Release|Any CPU
		{EE022DE3-D8AC-4372-8E57-2FA80C7FA386}.Debug|Any CPU.ActiveCfg = Debug|Any CPU
		{EE022DE3-D8AC-4372-8E57-2FA80C7FA386}.Debug|Any CPU.Build.0 = Debug|Any CPU
		{EE022DE3-D8AC-4372-8E57-2FA80C7FA386}.Debug|Mixed Platforms.ActiveCfg = Debug|Any CPU
		{EE022DE3-D8AC-4372-8E57-2FA80C7FA386}.Debug|Mixed Platforms.Build.0 = Debug|Any CPU
		{EE022DE3-D8AC-4372-8E57-2FA80C7FA386}.Debug|x86.ActiveCfg = Debug|Any CPU
		{EE022DE3-D8AC-4372-8E57-2FA80C7FA386}.Debug|x86.Build.0 = Debug|Any CPU
		{EE022DE3-D8AC-4372-8E57-2FA80C7FA386}.Release|Any CPU.ActiveCfg = Release|Any CPU
		{EE022DE3-D8AC-4372-8E57-2FA80C7FA386}.Release|Any CPU.Build.0 = Release|Any CPU
		{EE022DE3-D8AC-4372-8E57-2FA80C7FA386}.Release|Mixed Platforms.ActiveCfg = Release|Any CPU
		{EE022DE3-D8AC-4372-8E57-2FA80C7FA386}.Release|Mixed Platforms.Build.0 = Release|Any CPU
		{EE022DE3-D8AC-4372-8E57-2FA80C7FA386}.Release|x86.ActiveCfg = Release|Any CPU
		{EE022DE3-D8AC-4372-8E57-2FA80C7FA386}.Release|x86.Build.0 = Release|Any CPU
	EndGlobalSection
	GlobalSection(MonoDevelopProperties) = preSolution
		StartupItem = SevenZipConsoleTest\SevenZipConsoleTest.csproj
	EndGlobalSection
	GlobalSection(SolutionProperties) = preSolution
		HideSolutionNode = FALSE
	EndGlobalSection
EndGlobal
